// !$*UTF8*$!
{
	archiveVersion = 1;
	classes = {
	};
	objectVersion = 56;
	objects = {

/* Begin PBXBuildFile section */
		48ADEA422BBA1D4A0062A3A6 /* FireChatApp.swift in Sources */ = {isa = PBXBuildFile; fileRef = 48ADEA412BBA1D4A0062A3A6 /* FireChatApp.swift */; };
		48ADEA462BBA1D4B0062A3A6 /* Assets.xcassets in Resources */ = {isa = PBXBuildFile; fileRef = 48ADEA452BBA1D4B0062A3A6 /* Assets.xcassets */; };
		48ADEA492BBA1D4B0062A3A6 /* Preview Assets.xcassets in Resources */ = {isa = PBXBuildFile; fileRef = 48ADEA482BBA1D4B0062A3A6 /* Preview Assets.xcassets */; };
		48ADEA502BBA1FC20062A3A6 /* GoogleService-Info.plist in Resources */ = {isa = PBXBuildFile; fileRef = 48ADEA4F2BBA1FC20062A3A6 /* GoogleService-Info.plist */; };
		48ADEA5D2BBA20830062A3A6 /* FirebaseAuth in Frameworks */ = {isa = PBXBuildFile; productRef = 48ADEA5C2BBA20830062A3A6 /* FirebaseAuth */; };
		48ADEA5F2BBA20830062A3A6 /* FirebaseFirestore in Frameworks */ = {isa = PBXBuildFile; productRef = 48ADEA5E2BBA20830062A3A6 /* FirebaseFirestore */; };
		48ADEA612BBA20830062A3A6 /* FirebaseFirestoreSwift in Frameworks */ = {isa = PBXBuildFile; productRef = 48ADEA602BBA20830062A3A6 /* FirebaseFirestoreSwift */; };
		48ADEA632BBA23350062A3A6 /* LoginView.swift in Sources */ = {isa = PBXBuildFile; fileRef = 48ADEA622BBA23340062A3A6 /* LoginView.swift */; };
		48ADEA652BBA24360062A3A6 /* AuthManager.swift in Sources */ = {isa = PBXBuildFile; fileRef = 48ADEA642BBA24360062A3A6 /* AuthManager.swift */; };
		48ADEA672BBA26180062A3A6 /* Message.swift in Sources */ = {isa = PBXBuildFile; fileRef = 48ADEA662BBA26180062A3A6 /* Message.swift */; };
		48ADEA692BBA263F0062A3A6 /* MessageManager.swift in Sources */ = {isa = PBXBuildFile; fileRef = 48ADEA682BBA263F0062A3A6 /* MessageManager.swift */; };
		48ADEA6B2BBA26620062A3A6 /* ChatView.swift in Sources */ = {isa = PBXBuildFile; fileRef = 48ADEA6A2BBA26620062A3A6 /* ChatView.swift */; };
/* End PBXBuildFile section */

/* Begin PBXFileReference section */
		48ADEA3E2BBA1D4A0062A3A6 /* FireChat.app */ = {isa = PBXFileReference; explicitFileType = wrapper.application; includeInIndex = 0; path = FireChat.app; sourceTree = BUILT_PRODUCTS_DIR; };
		48ADEA412BBA1D4A0062A3A6 /* FireChatApp.swift */ = {isa = PBXFileReference; lastKnownFileType = sourcecode.swift; path = FireChatApp.swift; sourceTree = "<group>"; };
		48ADEA452BBA1D4B0062A3A6 /* Assets.xcassets */ = {isa = PBXFileReference; lastKnownFileType = folder.assetcatalog; path = Assets.xcassets; sourceTree = "<group>"; };
		48ADEA482BBA1D4B0062A3A6 /* Preview Assets.xcassets */ = {isa = PBXFileReference; lastKnownFileType = folder.assetcatalog; path = "Preview Assets.xcassets"; sourceTree = "<group>"; };
		48ADEA4F2BBA1FC20062A3A6 /* GoogleService-Info.plist */ = {isa = PBXFileReference; fileEncoding = 4; lastKnownFileType = text.plist.xml; path = "GoogleService-Info.plist"; sourceTree = "<group>"; };
		48ADEA622BBA23340062A3A6 /* LoginView.swift */ = {isa = PBXFileReference; lastKnownFileType = sourcecode.swift; path = LoginView.swift; sourceTree = "<group>"; };
		48ADEA642BBA24360062A3A6 /* AuthManager.swift */ = {isa = PBXFileReference; lastKnownFileType = sourcecode.swift; path = AuthManager.swift; sourceTree = "<group>"; };
		48ADEA662BBA26180062A3A6 /* Message.swift */ = {isa = PBXFileReference; lastKnownFileType = sourcecode.swift; path = Message.swift; sourceTree = "<group>"; };
		48ADEA682BBA263F0062A3A6 /* MessageManager.swift */ = {isa = PBXFileReference; lastKnownFileType = sourcecode.swift; path = MessageManager.swift; sourceTree = "<group>"; };
		48ADEA6A2BBA26620062A3A6 /* ChatView.swift */ = {isa = PBXFileReference; lastKnownFileType = sourcecode.swift; path = ChatView.swift; sourceTree = "<group>"; };
/* End PBXFileReference section */

/* Begin PBXFrameworksBuildPhase section */
		48ADEA3B2BBA1D4A0062A3A6 /* Frameworks */ = {
			isa = PBXFrameworksBuildPhase;
			buildActionMask = 2147483647;
			files = (
				48ADEA5D2BBA20830062A3A6 /* FirebaseAuth in Frameworks */,
				48ADEA5F2BBA20830062A3A6 /* FirebaseFirestore in Frameworks */,
				48ADEA612BBA20830062A3A6 /* FirebaseFirestoreSwift in Frameworks */,
			);
			runOnlyForDeploymentPostprocessing = 0;
		};
/* End PBXFrameworksBuildPhase section */

/* Begin PBXGroup section */
		48ADEA352BBA1D4A0062A3A6 = {
			isa = PBXGroup;
			children = (
				48ADEA402BBA1D4A0062A3A6 /* FireChat */,
				48ADEA3F2BBA1D4A0062A3A6 /* Products */,
			);
			sourceTree = "<group>";
		};
		48ADEA3F2BBA1D4A0062A3A6 /* Products */ = {
			isa = PBXGroup;
			children = (
				48ADEA3E2BBA1D4A0062A3A6 /* FireChat.app */,
			);
			name = Products;
			sourceTree = "<group>";
		};
		48ADEA402BBA1D4A0062A3A6 /* FireChat */ = {
			isa = PBXGroup;
			children = (
				48ADEA4F2BBA1FC20062A3A6 /* GoogleService-Info.plist */,
				48ADEA412BBA1D4A0062A3A6 /* FireChatApp.swift */,
				48ADEA622BBA23340062A3A6 /* LoginView.swift */,
				48ADEA642BBA24360062A3A6 /* AuthManager.swift */,
				48ADEA452BBA1D4B0062A3A6 /* Assets.xcassets */,
				48ADEA472BBA1D4B0062A3A6 /* Preview Content */,
				48ADEA662BBA26180062A3A6 /* Message.swift */,
				48ADEA682BBA263F0062A3A6 /* MessageManager.swift */,
				48ADEA6A2BBA26620062A3A6 /* ChatView.swift */,
			);
			path = FireChat;
			sourceTree = "<group>";
		};
		48ADEA472BBA1D4B0062A3A6 /* Preview Content */ = {
			isa = PBXGroup;
			children = (
				48ADEA482BBA1D4B0062A3A6 /* Preview Assets.xcassets */,
			);
			path = "Preview Content";
			sourceTree = "<group>";
		};
/* End PBXGroup section */

/* Begin PBXNativeTarget section */
		48ADEA3D2BBA1D4A0062A3A6 /* FireChat */ = {
			isa = PBXNativeTarget;
			buildConfigurationList = 48ADEA4C2BBA1D4B0062A3A6 /* Build configuration list for PBXNativeTarget "FireChat" */;
			buildPhases = (
				48ADEA3A2BBA1D4A0062A3A6 /* Sources */,
				48ADEA3B2BBA1D4A0062A3A6 /* Frameworks */,
				48ADEA3C2BBA1D4A0062A3A6 /* Resources */,
			);
			buildRules = (
			);
			dependencies = (
			);
			name = FireChat;
			packageProductDependencies = (
				48ADEA5C2BBA20830062A3A6 /* FirebaseAuth */,
				48ADEA5E2BBA20830062A3A6 /* FirebaseFirestore */,
				48ADEA602BBA20830062A3A6 /* FirebaseFirestoreSwift */,
			);
			productName = FireChat;
			productReference = 48ADEA3E2BBA1D4A0062A3A6 /* FireChat.app */;
			productType = "com.apple.product-type.application";
		};
/* End PBXNativeTarget section */

/* Begin PBXProject section */
		48ADEA362BBA1D4A0062A3A6 /* Project object */ = {
			isa = PBXProject;
			attributes = {
				BuildIndependentTargetsInParallel = 1;
				LastSwiftUpdateCheck = 1530;
				LastUpgradeCheck = 1530;
				TargetAttributes = {
					48ADEA3D2BBA1D4A0062A3A6 = {
						CreatedOnToolsVersion = 15.3;
					};
				};
			};
			buildConfigurationList = 48ADEA392BBA1D4A0062A3A6 /* Build configuration list for PBXProject "FireChat" */;
			compatibilityVersion = "Xcode 14.0";
			developmentRegion = en;
			hasScannedForEncodings = 0;
			knownRegions = (
				en,
				Base,
			);
			mainGroup = 48ADEA352BBA1D4A0062A3A6;
			packageReferences = (
				48ADEA512BBA20830062A3A6 /* XCRemoteSwiftPackageReference "firebase-ios-sdk" */,
			);
			productRefGroup = 48ADEA3F2BBA1D4A0062A3A6 /* Products */;
			projectDirPath = "";
			projectRoot = "";
			targets = (
				48ADEA3D2BBA1D4A0062A3A6 /* FireChat */,
			);
		};
/* End PBXProject section */

/* Begin PBXResourcesBuildPhase section */
		48ADEA3C2BBA1D4A0062A3A6 /* Resources */ = {
			isa = PBXResourcesBuildPhase;
			buildActionMask = 2147483647;
			files = (
				48ADEA492BBA1D4B0062A3A6 /* Preview Assets.xcassets in Resources */,
				48ADEA462BBA1D4B0062A3A6 /* Assets.xcassets in Resources */,
				48ADEA502BBA1FC20062A3A6 /* GoogleService-Info.plist in Resources */,
			);
			runOnlyForDeploymentPostprocessing = 0;
		};
/* End PBXResourcesBuildPhase section */

/* Begin PBXSourcesBuildPhase section */
		48ADEA3A2BBA1D4A0062A3A6 /* Sources */ = {
			isa = PBXSourcesBuildPhase;
			buildActionMask = 2147483647;
			files = (
				48ADEA632BBA23350062A3A6 /* LoginView.swift in Sources */,
				48ADEA672BBA26180062A3A6 /* Message.swift in Sources */,
				48ADEA692BBA263F0062A3A6 /* MessageManager.swift in Sources */,
				48ADEA652BBA24360062A3A6 /* AuthManager.swift in Sources */,
				48ADEA6B2BBA26620062A3A6 /* ChatView.swift in Sources */,
				48ADEA422BBA1D4A0062A3A6 /* FireChatApp.swift in Sources */,
			);
			runOnlyForDeploymentPostprocessing = 0;
		};
/* End PBXSourcesBuildPhase section */

/* Begin XCBuildConfiguration section */
		48ADEA4A2BBA1D4B0062A3A6 /* Debug */ = {
			isa = XCBuildConfiguration;
			buildSettings = {
				ALWAYS_SEARCH_USER_PATHS = NO;
				ASSETCATALOG_COMPILER_GENERATE_SWIFT_ASSET_SYMBOL_EXTENSIONS = YES;
				CLANG_ANALYZER_NONNULL = YES;
				CLANG_ANALYZER_NUMBER_OBJECT_CONVERSION = YES_AGGRESSIVE;
				CLANG_CXX_LANGUAGE_STANDARD = "gnu++20";
				CLANG_ENABLE_MODULES = YES;
				CLANG_ENABLE_OBJC_ARC = YES;
				CLANG_ENABLE_OBJC_WEAK = YES;
				CLANG_WARN_BLOCK_CAPTURE_AUTORELEASING = YES;
				CLANG_WARN_BOOL_CONVERSION = YES;
				CLANG_WARN_COMMA = YES;
				CLANG_WARN_CONSTANT_CONVERSION = YES;
				CLANG_WARN_DEPRECATED_OBJC_IMPLEMENTATIONS = YES;
				CLANG_WARN_DIRECT_OBJC_ISA_USAGE = YES_ERROR;
				CLANG_WARN_DOCUMENTATION_COMMENTS = YES;
				CLANG_WARN_EMPTY_BODY = YES;
				CLANG_WARN_ENUM_CONVERSION = YES;
				CLANG_WARN_INFINITE_RECURSION = YES;
				CLANG_WARN_INT_CONVERSION = YES;
				CLANG_WARN_NON_LITERAL_NULL_CONVERSION = YES;
				CLANG_WARN_OBJC_IMPLICIT_RETAIN_SELF = YES;
				CLANG_WARN_OBJC_LITERAL_CONVERSION = YES;
				CLANG_WARN_OBJC_ROOT_CLASS = YES_ERROR;
				CLANG_WARN_QUOTED_INCLUDE_IN_FRAMEWORK_HEADER = YES;
				CLANG_WARN_RANGE_LOOP_ANALYSIS = YES;
				CLANG_WARN_STRICT_PROTOTYPES = YES;
				CLANG_WARN_SUSPICIOUS_MOVE = YES;
				CLANG_WARN_UNGUARDED_AVAILABILITY = YES_AGGRESSIVE;
				CLANG_WARN_UNREACHABLE_CODE = YES;
				CLANG_WARN__DUPLICATE_METHOD_MATCH = YES;
				COPY_PHASE_STRIP = NO;
				DEBUG_INFORMATION_FORMAT = dwarf;
				ENABLE_STRICT_OBJC_MSGSEND = YES;
				ENABLE_TESTABILITY = YES;
				ENABLE_USER_SCRIPT_SANDBOXING = YES;
				GCC_C_LANGUAGE_STANDARD = gnu17;
				GCC_DYNAMIC_NO_PIC = NO;
				GCC_NO_COMMON_BLOCKS = YES;
				GCC_OPTIMIZATION_LEVEL = 0;
				GCC_PREPROCESSOR_DEFINITIONS = (
					"DEBUG=1",
					"$(inherited)",
				);
				GCC_WARN_64_TO_32_BIT_CONVERSION = YES;
				GCC_WARN_ABOUT_RETURN_TYPE = YES_ERROR;
				GCC_WARN_UNDECLARED_SELECTOR = YES;
				GCC_WARN_UNINITIALIZED_AUTOS = YES_AGGRESSIVE;
				GCC_WARN_UNUSED_FUNCTION = YES;
				GCC_WARN_UNUSED_VARIABLE = YES;
				IPHONEOS_DEPLOYMENT_TARGET = 17.4;
				LOCALIZATION_PREFERS_STRING_CATALOGS = YES;
				MTL_ENABLE_DEBUG_INFO = INCLUDE_SOURCE;
				MTL_FAST_MATH = YES;
				ONLY_ACTIVE_ARCH = YES;
				SDKROOT = iphoneos;
				SWIFT_ACTIVE_COMPILATION_CONDITIONS = "DEBUG $(inherited)";
				SWIFT_OPTIMIZATION_LEVEL = "-Onone";
			};
			name = Debug;
		};
		48ADEA4B2BBA1D4B0062A3A6 /* Release */ = {
			isa = XCBuildConfiguration;
			buildSettings = {
				ALWAYS_SEARCH_USER_PATHS = NO;
				ASSETCATALOG_COMPILER_GENERATE_SWIFT_ASSET_SYMBOL_EXTENSIONS = YES;
				CLANG_ANALYZER_NONNULL = YES;
				CLANG_ANALYZER_NUMBER_OBJECT_CONVERSION = YES_AGGRESSIVE;
				CLANG_CXX_LANGUAGE_STANDARD = "gnu++20";
				CLANG_ENABLE_MODULES = YES;
				CLANG_ENABLE_OBJC_ARC = YES;
				CLANG_ENABLE_OBJC_WEAK = YES;
				CLANG_WARN_BLOCK_CAPTURE_AUTORELEASING = YES;
				CLANG_WARN_BOOL_CONVERSION = YES;
				CLANG_WARN_COMMA = YES;
				CLANG_WARN_CONSTANT_CONVERSION = YES;
				CLANG_WARN_DEPRECATED_OBJC_IMPLEMENTATIONS = YES;
				CLANG_WARN_DIRECT_OBJC_ISA_USAGE = YES_ERROR;
				CLANG_WARN_DOCUMENTATION_COMMENTS = YES;
				CLANG_WARN_EMPTY_BODY = YES;
				CLANG_WARN_ENUM_CONVERSION = YES;
				CLANG_WARN_INFINITE_RECURSION = YES;
				CLANG_WARN_INT_CONVERSION = YES;
				CLANG_WARN_NON_LITERAL_NULL_CONVERSION = YES;
				CLANG_WARN_OBJC_IMPLICIT_RETAIN_SELF = YES;
				CLANG_WARN_OBJC_LITERAL_CONVERSION = YES;
				CLANG_WARN_OBJC_ROOT_CLASS = YES_ERROR;
				CLANG_WARN_QUOTED_INCLUDE_IN_FRAMEWORK_HEADER = YES;
				CLANG_WARN_RANGE_LOOP_ANALYSIS = YES;
				CLANG_WARN_STRICT_PROTOTYPES = YES;
				CLANG_WARN_SUSPICIOUS_MOVE = YES;
				CLANG_WARN_UNGUARDED_AVAILABILITY = YES_AGGRESSIVE;
				CLANG_WARN_UNREACHABLE_CODE = YES;
				CLANG_WARN__DUPLICATE_METHOD_MATCH = YES;
				COPY_PHASE_STRIP = NO;
				DEBUG_INFORMATION_FORMAT = "dwarf-with-dsym";
				ENABLE_NS_ASSERTIONS = NO;
				ENABLE_STRICT_OBJC_MSGSEND = YES;
				ENABLE_USER_SCRIPT_SANDBOXING = YES;
				GCC_C_LANGUAGE_STANDARD = gnu17;
				GCC_NO_COMMON_BLOCKS = YES;
				GCC_WARN_64_TO_32_BIT_CONVERSION = YES;
				GCC_WARN_ABOUT_RETURN_TYPE = YES_ERROR;
				GCC_WARN_UNDECLARED_SELECTOR = YES;
				GCC_WARN_UNINITIALIZED_AUTOS = YES_AGGRESSIVE;
				GCC_WARN_UNUSED_FUNCTION = YES;
				GCC_WARN_UNUSED_VARIABLE = YES;
				IPHONEOS_DEPLOYMENT_TARGET = 17.4;
				LOCALIZATION_PREFERS_STRING_CATALOGS = YES;
				MTL_ENABLE_DEBUG_INFO = NO;
				MTL_FAST_MATH = YES;
				SDKROOT = iphoneos;
				SWIFT_COMPILATION_MODE = wholemodule;
				VALIDATE_PRODUCT = YES;
			};
			name = Release;
		};
		48ADEA4D2BBA1D4B0062A3A6 /* Debug */ = {
			isa = XCBuildConfiguration;
			buildSettings = {
				ASSETCATALOG_COMPILER_APPICON_NAME = AppIcon;
				ASSETCATALOG_COMPILER_GLOBAL_ACCENT_COLOR_NAME = AccentColor;
				CODE_SIGN_STYLE = Automatic;
				CURRENT_PROJECT_VERSION = 1;
				DEVELOPMENT_ASSET_PATHS = "\"FireChat/Preview Content\"";
				DEVELOPMENT_TEAM = 8PNYK7XTF3;
				ENABLE_PREVIEWS = YES;
				GENERATE_INFOPLIST_FILE = YES;
				INFOPLIST_KEY_UIApplicationSceneManifest_Generation = YES;
				INFOPLIST_KEY_UIApplicationSupportsIndirectInputEvents = YES;
				INFOPLIST_KEY_UILaunchScreen_Generation = YES;
				INFOPLIST_KEY_UISupportedInterfaceOrientations_iPad = "UIInterfaceOrientationPortrait UIInterfaceOrientationPortraitUpsideDown UIInterfaceOrientationLandscapeLeft UIInterfaceOrientationLandscapeRight";
				INFOPLIST_KEY_UISupportedInterfaceOrientations_iPhone = "UIInterfaceOrientationPortrait UIInterfaceOrientationLandscapeLeft UIInterfaceOrientationLandscapeRight";
				LD_RUNPATH_SEARCH_PATHS = (
					"$(inherited)",
					"@executable_path/Frameworks",
				);
				MARKETING_VERSION = 1.0;
				PRODUCT_BUNDLE_IDENTIFIER = joma.FireChat;
				PRODUCT_NAME = "$(TARGET_NAME)";
				SWIFT_EMIT_LOC_STRINGS = YES;
				SWIFT_VERSION = 5.0;
				TARGETED_DEVICE_FAMILY = "1,2";
			};
			name = Debug;
		};
		48ADEA4E2BBA1D4B0062A3A6 /* Release */ = {
			isa = XCBuildConfiguration;
			buildSettings = {
				ASSETCATALOG_COMPILER_APPICON_NAME = AppIcon;
				ASSETCATALOG_COMPILER_GLOBAL_ACCENT_COLOR_NAME = AccentColor;
				CODE_SIGN_STYLE = Automatic;
				CURRENT_PROJECT_VERSION = 1;
				DEVELOPMENT_ASSET_PATHS = "\"FireChat/Preview Content\"";
				DEVELOPMENT_TEAM = 8PNYK7XTF3;
				ENABLE_PREVIEWS = YES;
				GENERATE_INFOPLIST_FILE = YES;
				INFOPLIST_KEY_UIApplicationSceneManifest_Generation = YES;
				INFOPLIST_KEY_UIApplicationSupportsIndirectInputEvents = YES;
				INFOPLIST_KEY_UILaunchScreen_Generation = YES;
				INFOPLIST_KEY_UISupportedInterfaceOrientations_iPad = "UIInterfaceOrientationPortrait UIInterfaceOrientationPortraitUpsideDown UIInterfaceOrientationLandscapeLeft UIInterfaceOrientationLandscapeRight";
				INFOPLIST_KEY_UISupportedInterfaceOrientations_iPhone = "UIInterfaceOrientationPortrait UIInterfaceOrientationLandscapeLeft UIInterfaceOrientationLandscapeRight";
				LD_RUNPATH_SEARCH_PATHS = (
					"$(inherited)",
					"@executable_path/Frameworks",
				);
				MARKETING_VERSION = 1.0;
				PRODUCT_BUNDLE_IDENTIFIER = joma.FireChat;
				PRODUCT_NAME = "$(TARGET_NAME)";
				SWIFT_EMIT_LOC_STRINGS = YES;
				SWIFT_VERSION = 5.0;
				TARGETED_DEVICE_FAMILY = "1,2";
			};
			name = Release;
		};
/* End XCBuildConfiguration section */

/* Begin XCConfigurationList section */
		48ADEA392BBA1D4A0062A3A6 /* Build configuration list for PBXProject "FireChat" */ = {
			isa = XCConfigurationList;
			buildConfigurations = (
				48ADEA4A2BBA1D4B0062A3A6 /* Debug */,
				48ADEA4B2BBA1D4B0062A3A6 /* Release */,
			);
			defaultConfigurationIsVisible = 0;
			defaultConfigurationName = Release;
		};
		48ADEA4C2BBA1D4B0062A3A6 /* Build configuration list for PBXNativeTarget "FireChat" */ = {
			isa = XCConfigurationList;
			buildConfigurations = (
				48ADEA4D2BBA1D4B0062A3A6 /* Debug */,
				48ADEA4E2BBA1D4B0062A3A6 /* Release */,
			);
			defaultConfigurationIsVisible = 0;
			defaultConfigurationName = Release;
		};
/* End XCConfigurationList section */

/* Begin XCRemoteSwiftPackageReference section */
		48ADEA512BBA20830062A3A6 /* XCRemoteSwiftPackageReference "firebase-ios-sdk" */ = {
			isa = XCRemoteSwiftPackageReference;
			repositoryURL = "https://github.com/firebase/firebase-ios-sdk";
			requirement = {
				kind = upToNextMajorVersion;
				minimumVersion = 10.23.1;
			};
		};
/* End XCRemoteSwiftPackageReference section */

/* Begin XCSwiftPackageProductDependency section */
		48ADEA5C2BBA20830062A3A6 /* FirebaseAuth */ = {
			isa = XCSwiftPackageProductDependency;
			package = 48ADEA512BBA20830062A3A6 /* XCRemoteSwiftPackageReference "firebase-ios-sdk" */;
			productName = FirebaseAuth;
		};
		48ADEA5E2BBA20830062A3A6 /* FirebaseFirestore */ = {
			isa = XCSwiftPackageProductDependency;
			package = 48ADEA512BBA20830062A3A6 /* XCRemoteSwiftPackageReference "firebase-ios-sdk" */;
			productName = FirebaseFirestore;
		};
		48ADEA602BBA20830062A3A6 /* FirebaseFirestoreSwift */ = {
			isa = XCSwiftPackageProductDependency;
			package = 48ADEA512BBA20830062A3A6 /* XCRemoteSwiftPackageReference "firebase-ios-sdk" */;
			productName = FirebaseFirestoreSwift;
		};
/* End XCSwiftPackageProductDependency section */
	};
	rootObject = 48ADEA362BBA1D4A0062A3A6 /* Project object */;
}
